
Microsoft Visual Studio Solution File, Format Version 12.00
# Visual Studio 15
VisualStudioVersion = 15.0.26430.16
MinimumVisualStudioVersion = 10.0.40219.1
Project("{FAE04EC0-301F-11D3-BF4B-00C04F79EFBC}") = "NRulesDynamicJsonRules", "NRulesDynamicJsonRules.csproj", "{20E543B9-1BCD-4F4D-BF17-78F13D7D0623}"
EndProject
Project("{FAE04EC0-301F-11D3-BF4B-00C04F79EFBC}") = "RuleModels", "..\RuleModels\RuleModels.csproj", "{6D5FDD26-2047-4418-A5A5-27CEA01BB39E}"
EndProject
Global
	GlobalSection(SolutionConfigurationPlatforms) = preSolution
		Debug|Any CPU = Debug|Any CPU
		Release|Any CPU = Release|Any CPU
	EndGlobalSection
	GlobalSection(ProjectConfigurationPlatforms) = postSolution
		{20E543B9-1BCD-4F4D-BF17-78F13D7D0623}.Debug|Any CPU.ActiveCfg = Debug|Any CPU
		{20E543B9-1BCD-4F4D-BF17-78F13D7D0623}.Debug|Any CPU.Build.0 = Debug|Any CPU
		{20E543B9-1BCD-4F4D-BF17-78F13D7D0623}.Release|Any CPU.ActiveCfg = Release|Any CPU
		{20E543B9-1BCD-4F4D-BF17-78F13D7D0623}.Release|Any CPU.Build.0 = Release|Any CPU
		{6D5FDD26-2047-4418-A5A5-27CEA01BB39E}.Debug|Any CPU.ActiveCfg = Debug|Any CPU
		{6D5FDD26-2047-4418-A5A5-27CEA01BB39E}.Debug|Any CPU.Build.0 = Debug|Any CPU
		{6D5FDD26-2047-4418-A5A5-27CEA01BB39E}.Release|Any CPU.ActiveCfg = Release|Any CPU
		{6D5FDD26-2047-4418-A5A5-27CEA01BB39E}.Release|Any CPU.Build.0 = Release|Any CPU
	EndGlobalSection
	GlobalSection(SolutionProperties) = preSolution
		HideSolutionNode = FALSE
	EndGlobalSection
EndGlobal
